{
  "pins" : [
    {
      "identity" : "aws-sdk-ios-spm",
      "kind" : "remoteSourceControl",
      "location" : "https://github.com/aws-amplify/aws-sdk-ios-spm",
      "state" : {
        "revision" : "660739a0b5376d72d196e173ce67ce7881d6ed8f",
        "version" : "2.32.0"
      }
    },
    {
      "identity" : "dotveep-spm",
      "kind" : "remoteSourceControl",
      "location" : "https://gitlab.com/foundry/dotveep-spm/",
      "state" : {
        "revision" : "4c5de739f46b020e1e1b37a1e4cdd8738a3d2df3",
        "version" : "2.0.1"
      }
    }
  ],
  "version" : 2
}
